
Microsoft Visual Studio Solution File, Format Version 12.00
# Visual Studio Version 17
VisualStudioVersion = 17.0.32014.148
MinimumVisualStudioVersion = 10.0.40219.1
Project("{FAE04EC0-301F-11D3-BF4B-00C04F79EFBC}") = "DynamicBinding", "DynamicBinding\DynamicBinding.csproj", "{850ECF13-F8E6-47EB-B8D9-474D487C359D}"
EndProject
Global
	GlobalSection(SolutionConfigurationPlatforms) = preSolution
		Debug|Any CPU = Debug|Any CPU
		Release|Any CPU = Release|Any CPU
	EndGlobalSection
	GlobalSection(ProjectConfigurationPlatforms) = postSolution
		{850ECF13-F8E6-47EB-B8D9-474D487C359D}.Debug|Any CPU.ActiveCfg = Debug|Any CPU
		{850ECF13-F8E6-47EB-B8D9-474D487C359D}.Debug|Any CPU.Build.0 = Debug|Any CPU
		{850ECF13-F8E6-47EB-B8D9-474D487C359D}.Release|Any CPU.ActiveCfg = Release|Any CPU
		{850ECF13-F8E6-47EB-B8D9-474D487C359D}.Release|Any CPU.Build.0 = Release|Any CPU
	EndGlobalSection
	GlobalSection(SolutionProperties) = preSolution
		HideSolutionNode = FALSE
	EndGlobalSection
	GlobalSection(ExtensibilityGlobals) = postSolution
		SolutionGuid = {E73B6376-3C27-4707-8F1C-BAF6A1D345CF}
	EndGlobalSection
EndGlobal
